// !$*UTF8*$!
{
	archiveVersion = 1;
	classes = {
	};
	objectVersion = 77;
	objects = {

/* Begin PBXBuildFile section */
		276F3B98300A86CE0061026B /* SalesTracker.framework in Frameworks */ = {isa = PBXBuildFile; fileRef = 276F3B92300A86CE0061026B /* SalesTracker.framework */; };
		276F3B99300A86CE0061026B /* SalesTracker.framework in Embed Frameworks */ = {isa = PBXBuildFile; fileRef = 276F3B92300A86CE0061026B /* SalesTracker.framework */; settings = {ATTRIBUTES = (CodeSignOnCopy, RemoveHeadersOnCopy, ); }; };
		276F3D81300AA4650061026B /* CI_iOS.xctestplan in Resources */ = {isa = PBXBuildFile; fileRef = 276F3D80300AA4650061026B /* CI_iOS.xctestplan */; };
/* End PBXBuildFile section */

/* Begin PBXContainerItemProxy section */
		276F3B96300A86CE0061026B /* PBXContainerItemProxy */ = {
			isa = PBXContainerItemProxy;
			containerPortal = 276F3B6D300A86B50061026B /* Project object */;
			proxyType = 1;
			remoteGlobalIDString = 276F3B91300A86CE0061026B;
			remoteInfo = SalesTracker;
		};
		276F3C42300A8C8B0061026B /* PBXContainerItemProxy */ = {
			isa = PBXContainerItemProxy;
			containerPortal = 276F3B6D300A86B50061026B /* Project object */;
			proxyType = 1;
			remoteGlobalIDString = 276F3B74300A86B50061026B;
			remoteInfo = SalesTrackerApp;
		};
		276F3C4F300A8C950061026B /* PBXContainerItemProxy */ = {
			isa = PBXContainerItemProxy;
			containerPortal = 276F3B6D300A86B50061026B /* Project object */;
			proxyType = 1;
			remoteGlobalIDString = 276F3B74300A86B50061026B;
			remoteInfo = SalesTrackerApp;
		};
/* End PBXContainerItemProxy section */

/* Begin PBXCopyFilesBuildPhase section */
		276F3B9D300A86CE0061026B /* Embed Frameworks */ = {
			isa = PBXCopyFilesBuildPhase;
			buildActionMask = 2147483647;
			dstPath = "";
			dstSubfolderSpec = 10;
			files = (
				276F3B99300A86CE0061026B /* SalesTracker.framework in Embed Frameworks */,
			);
			name = "Embed Frameworks";
			runOnlyForDeploymentPostprocessing = 0;
		};
/* End PBXCopyFilesBuildPhase section */

/* Begin PBXFileReference section */
		276F3B75300A86B50061026B /* SalesTrackerApp.app */ = {isa = PBXFileReference; explicitFileType = wrapper.application; includeInIndex = 0; path = SalesTrackerApp.app; sourceTree = BUILT_PRODUCTS_DIR; };
		276F3B92300A86CE0061026B /* SalesTracker.framework */ = {isa = PBXFileReference; explicitFileType = wrapper.framework; includeInIndex = 0; path = SalesTracker.framework; sourceTree = BUILT_PRODUCTS_DIR; };
		276F3C33300A8C790061026B /* SalesTrackerTests.xctest */ = {isa = PBXFileReference; explicitFileType = wrapper.cfbundle; includeInIndex = 0; path = SalesTrackerTests.xctest; sourceTree = BUILT_PRODUCTS_DIR; };
		276F3C3E300A8C8A0061026B /* SalesTrackerAppTests.xctest */ = {isa = PBXFileReference; explicitFileType = wrapper.cfbundle; includeInIndex = 0; path = SalesTrackerAppTests.xctest; sourceTree = BUILT_PRODUCTS_DIR; };
		276F3C4B300A8C950061026B /* SalesTrackeriOSTests.xctest */ = {isa = PBXFileReference; explicitFileType = wrapper.cfbundle; includeInIndex = 0; path = SalesTrackeriOSTests.xctest; sourceTree = BUILT_PRODUCTS_DIR; };
		276F3D80300AA4650061026B /* CI_iOS.xctestplan */ = {isa = PBXFileReference; lastKnownFileType = text; path = CI_iOS.xctestplan; sourceTree = "<group>"; };
/* End PBXFileReference section */

/* Begin PBXFileSystemSynchronizedBuildFileExceptionSet section */
		276F3B87300A86B60061026B /* Exceptions for "SalesTrackerApp" folder in "SalesTrackerApp" target */ = {
			isa = PBXFileSystemSynchronizedBuildFileExceptionSet;
			membershipExceptions = (
				Info.plist,
			);
			target = 276F3B74300A86B50061026B /* SalesTrackerApp */;
		};
/* End PBXFileSystemSynchronizedBuildFileExceptionSet section */

/* Begin PBXFileSystemSynchronizedRootGroup section */
		276F3B77300A86B50061026B /* SalesTrackerApp */ = {
			isa = PBXFileSystemSynchronizedRootGroup;
			exceptions = (
				276F3B87300A86B60061026B /* Exceptions for "SalesTrackerApp" folder in "SalesTrackerApp" target */,
			);
			path = SalesTrackerApp;
			sourceTree = "<group>";
		};
		276F3B93300A86CE0061026B /* SalesTracker */ = {
			isa = PBXFileSystemSynchronizedRootGroup;
			path = SalesTracker;
			sourceTree = "<group>";
		};
		276F3C34300A8C790061026B /* SalesTrackerTests */ = {
			isa = PBXFileSystemSynchronizedRootGroup;
			path = SalesTrackerTests;
			sourceTree = "<group>";
		};
		276F3C3F300A8C8B0061026B /* SalesTrackerAppTests */ = {
			isa = PBXFileSystemSynchronizedRootGroup;
			path = SalesTrackerAppTests;
			sourceTree = "<group>";
		};
		276F3C4C300A8C950061026B /* SalesTrackeriOSTests */ = {
			isa = PBXFileSystemSynchronizedRootGroup;
			path = SalesTrackeriOSTests;
			sourceTree = "<group>";
		};
/* End PBXFileSystemSynchronizedRootGroup section */

/* Begin PBXFrameworksBuildPhase section */
		276F3B72300A86B50061026B /* Frameworks */ = {
			isa = PBXFrameworksBuildPhase;
			buildActionMask = 2147483647;
			files = (
				276F3B98300A86CE0061026B /* SalesTracker.framework in Frameworks */,
			);
			runOnlyForDeploymentPostprocessing = 0;
		};
		276F3B8F300A86CE0061026B /* Frameworks */ = {
			isa = PBXFrameworksBuildPhase;
			buildActionMask = 2147483647;
			files = (
			);
			runOnlyForDeploymentPostprocessing = 0;
		};
		276F3C30300A8C790061026B /* Frameworks */ = {
			isa = PBXFrameworksBuildPhase;
			buildActionMask = 2147483647;
			files = (
			);
			runOnlyForDeploymentPostprocessing = 0;
		};
		276F3C3B300A8C8A0061026B /* Frameworks */ = {
			isa = PBXFrameworksBuildPhase;
			buildActionMask = 2147483647;
			files = (
			);
			runOnlyForDeploymentPostprocessing = 0;
		};
		276F3C48300A8C950061026B /* Frameworks */ = {
			isa = PBXFrameworksBuildPhase;
			buildActionMask = 2147483647;
			files = (
			);
			runOnlyForDeploymentPostprocessing = 0;
		};
/* End PBXFrameworksBuildPhase section */

/* Begin PBXGroup section */
		276F3B6C300A86B50061026B = {
			isa = PBXGroup;
			children = (
				276F3D80300AA4650061026B /* CI_iOS.xctestplan */,
				276F3B77300A86B50061026B /* SalesTrackerApp */,
				276F3B93300A86CE0061026B /* SalesTracker */,
				276F3C34300A8C790061026B /* SalesTrackerTests */,
				276F3C3F300A8C8B0061026B /* SalesTrackerAppTests */,
				276F3C4C300A8C950061026B /* SalesTrackeriOSTests */,
				276F3B76300A86B50061026B /* Products */,
			);
			sourceTree = "<group>";
		};
		276F3B76300A86B50061026B /* Products */ = {
			isa = PBXGroup;
			children = (
				276F3B75300A86B50061026B /* SalesTrackerApp.app */,
				276F3B92300A86CE0061026B /* SalesTracker.framework */,
				276F3C33300A8C790061026B /* SalesTrackerTests.xctest */,
				276F3C3E300A8C8A0061026B /* SalesTrackerAppTests.xctest */,
				276F3C4B300A8C950061026B /* SalesTrackeriOSTests.xctest */,
			);
			name = Products;
			sourceTree = "<group>";
		};
/* End PBXGroup section */

/* Begin PBXHeadersBuildPhase section */
		276F3B8D300A86CE0061026B /* Headers */ = {
			isa = PBXHeadersBuildPhase;
			buildActionMask = 2147483647;
			files = (
			);
			runOnlyForDeploymentPostprocessing = 0;
		};
/* End PBXHeadersBuildPhase section */

/* Begin PBXNativeTarget section */
		276F3B74300A86B50061026B /* SalesTrackerApp */ = {
			isa = PBXNativeTarget;
			buildConfigurationList = 276F3B88300A86B60061026B /* Build configuration list for PBXNativeTarget "SalesTrackerApp" */;
			buildPhases = (
				276F3B71300A86B50061026B /* Sources */,
				276F3B72300A86B50061026B /* Frameworks */,
				276F3B73300A86B50061026B /* Resources */,
				276F3B9D300A86CE0061026B /* Embed Frameworks */,
			);
			buildRules = (
			);
			dependencies = (
				276F3B97300A86CE0061026B /* PBXTargetDependency */,
			);
			fileSystemSynchronizedGroups = (
				276F3B77300A86B50061026B /* SalesTrackerApp */,
			);
			name = SalesTrackerApp;
			packageProductDependencies = (
			);
			productName = SalesTrackerApp;
			productReference = 276F3B75300A86B50061026B /* SalesTrackerApp.app */;
			productType = "com.apple.product-type.application";
		};
		276F3B91300A86CE0061026B /* SalesTracker */ = {
			isa = PBXNativeTarget;
			buildConfigurationList = 276F3B9A300A86CE0061026B /* Build configuration list for PBXNativeTarget "SalesTracker" */;
			buildPhases = (
				276F3B8D300A86CE0061026B /* Headers */,
				276F3B8E300A86CE0061026B /* Sources */,
				276F3B8F300A86CE0061026B /* Frameworks */,
				276F3B90300A86CE0061026B /* Resources */,
			);
			buildRules = (
			);
			dependencies = (
			);
			fileSystemSynchronizedGroups = (
				276F3B93300A86CE0061026B /* SalesTracker */,
			);
			name = SalesTracker;
			packageProductDependencies = (
			);
			productName = SalesTracker;
			productReference = 276F3B92300A86CE0061026B /* SalesTracker.framework */;
			productType = "com.apple.product-type.framework";
		};
		276F3C32300A8C790061026B /* SalesTrackerTests */ = {
			isa = PBXNativeTarget;
			buildConfigurationList = 276F3C37300A8C790061026B /* Build configuration list for PBXNativeTarget "SalesTrackerTests" */;
			buildPhases = (
				276F3C2F300A8C790061026B /* Sources */,
				276F3C30300A8C790061026B /* Frameworks */,
				276F3C31300A8C790061026B /* Resources */,
			);
			buildRules = (
			);
			dependencies = (
			);
			fileSystemSynchronizedGroups = (
				276F3C34300A8C790061026B /* SalesTrackerTests */,
			);
			name = SalesTrackerTests;
			packageProductDependencies = (
			);
			productName = SalesTrackerTests;
			productReference = 276F3C33300A8C790061026B /* SalesTrackerTests.xctest */;
			productType = "com.apple.product-type.bundle.unit-test";
		};
		276F3C3D300A8C8A0061026B /* SalesTrackerAppTests */ = {
			isa = PBXNativeTarget;
			buildConfigurationList = 276F3C44300A8C8B0061026B /* Build configuration list for PBXNativeTarget "SalesTrackerAppTests" */;
			buildPhases = (
				276F3C3A300A8C8A0061026B /* Sources */,
				276F3C3B300A8C8A0061026B /* Frameworks */,
				276F3C3C300A8C8A0061026B /* Resources */,
			);
			buildRules = (
			);
			dependencies = (
				276F3C43300A8C8B0061026B /* PBXTargetDependency */,
			);
			fileSystemSynchronizedGroups = (
				276F3C3F300A8C8B0061026B /* SalesTrackerAppTests */,
			);
			name = SalesTrackerAppTests;
			packageProductDependencies = (
			);
			productName = SalesTrackerAppTests;
			productReference = 276F3C3E300A8C8A0061026B /* SalesTrackerAppTests.xctest */;
			productType = "com.apple.product-type.bundle.unit-test";
		};
		276F3C4A300A8C950061026B /* SalesTrackeriOSTests */ = {
			isa = PBXNativeTarget;
			buildConfigurationList = 276F3C51300A8C950061026B /* Build configuration list for PBXNativeTarget "SalesTrackeriOSTests" */;
			buildPhases = (
				276F3C47300A8C950061026B /* Sources */,
				276F3C48300A8C950061026B /* Frameworks */,
				276F3C49300A8C950061026B /* Resources */,
			);
			buildRules = (
			);
			dependencies = (
				276F3C50300A8C950061026B /* PBXTargetDependency */,
			);
			fileSystemSynchronizedGroups = (
				276F3C4C300A8C950061026B /* SalesTrackeriOSTests */,
			);
			name = SalesTrackeriOSTests;
			packageProductDependencies = (
			);
			productName = SalesTrackeriOSTests;
			productReference = 276F3C4B300A8C950061026B /* SalesTrackeriOSTests.xctest */;
			productType = "com.apple.product-type.bundle.unit-test";
		};
/* End PBXNativeTarget section */

/* Begin PBXProject section */
		276F3B6D300A86B50061026B /* Project object */ = {
			isa = PBXProject;
			attributes = {
				BuildIndependentTargetsInParallel = 1;
				LastSwiftUpdateCheck = 1640;
				LastUpgradeCheck = 1640;
				TargetAttributes = {
					276F3B74300A86B50061026B = {
						CreatedOnToolsVersion = 16.4;
					};
					276F3B91300A86CE0061026B = {
						CreatedOnToolsVersion = 16.4;
					};
					276F3C32300A8C790061026B = {
						CreatedOnToolsVersion = 16.4;
						LastSwiftMigration = 1640;
					};
					276F3C3D300A8C8A0061026B = {
						CreatedOnToolsVersion = 16.4;
						LastSwiftMigration = 1640;
						TestTargetID = 276F3B74300A86B50061026B;
					};
					276F3C4A300A8C950061026B = {
						CreatedOnToolsVersion = 16.4;
						LastSwiftMigration = 1640;
						TestTargetID = 276F3B74300A86B50061026B;
					};
				};
			};
			buildConfigurationList = 276F3B70300A86B50061026B /* Build configuration list for PBXProject "SalesTrackerApp" */;
			developmentRegion = en;
			hasScannedForEncodings = 0;
			knownRegions = (
				en,
				Base,
			);
			mainGroup = 276F3B6C300A86B50061026B;
			minimizedProjectReferenceProxies = 1;
			preferredProjectObjectVersion = 77;
			productRefGroup = 276F3B76300A86B50061026B /* Products */;
			projectDirPath = "";
			projectRoot = "";
			targets = (
				276F3B74300A86B50061026B /* SalesTrackerApp */,
				276F3B91300A86CE0061026B /* SalesTracker */,
				276F3C32300A8C790061026B /* SalesTrackerTests */,
				276F3C3D300A8C8A0061026B /* SalesTrackerAppTests */,
				276F3C4A300A8C950061026B /* SalesTrackeriOSTests */,
			);
		};
/* End PBXProject section */

/* Begin PBXResourcesBuildPhase section */
		276F3B73300A86B50061026B /* Resources */ = {
			isa = PBXResourcesBuildPhase;
			buildActionMask = 2147483647;
			files = (
			);
			runOnlyForDeploymentPostprocessing = 0;
		};
		276F3B90300A86CE0061026B /* Resources */ = {
			isa = PBXResourcesBuildPhase;
			buildActionMask = 2147483647;
			files = (
				276F3D81300AA4650061026B /* CI_iOS.xctestplan in Resources */,
			);
			runOnlyForDeploymentPostprocessing = 0;
		};
		276F3C31300A8C790061026B /* Resources */ = {
			isa = PBXResourcesBuildPhase;
			buildActionMask = 2147483647;
			files = (
			);
			runOnlyForDeploymentPostprocessing = 0;
		};
		276F3C3C300A8C8A0061026B /* Resources */ = {
			isa = PBXResourcesBuildPhase;
			buildActionMask = 2147483647;
			files = (
			);
			runOnlyForDeploymentPostprocessing = 0;
		};
		276F3C49300A8C950061026B /* Resources */ = {
			isa = PBXResourcesBuildPhase;
			buildActionMask = 2147483647;
			files = (
			);
			runOnlyForDeploymentPostprocessing = 0;
		};
/* End PBXResourcesBuildPhase section */

/* Begin PBXSourcesBuildPhase section */
		276F3B71300A86B50061026B /* Sources */ = {
			isa = PBXSourcesBuildPhase;
			buildActionMask = 2147483647;
			files = (
			);
			runOnlyForDeploymentPostprocessing = 0;
		};
		276F3B8E300A86CE0061026B /* Sources */ = {
			isa = PBXSourcesBuildPhase;
			buildActionMask = 2147483647;
			files = (
			);
			runOnlyForDeploymentPostprocessing = 0;
		};
		276F3C2F300A8C790061026B /* Sources */ = {
			isa = PBXSourcesBuildPhase;
			buildActionMask = 2147483647;
			files = (
			);
			runOnlyForDeploymentPostprocessing = 0;
		};
		276F3C3A300A8C8A0061026B /* Sources */ = {
			isa = PBXSourcesBuildPhase;
			buildActionMask = 2147483647;
			files = (
			);
			runOnlyForDeploymentPostprocessing = 0;
		};
		276F3C47300A8C950061026B /* Sources */ = {
			isa = PBXSourcesBuildPhase;
			buildActionMask = 2147483647;
			files = (
			);
			runOnlyForDeploymentPostprocessing = 0;
		};
/* End PBXSourcesBuildPhase section */

/* Begin PBXTargetDependency section */
		276F3B97300A86CE0061026B /* PBXTargetDependency */ = {
			isa = PBXTargetDependency;
			target = 276F3B91300A86CE0061026B /* SalesTracker */;
			targetProxy = 276F3B96300A86CE0061026B /* PBXContainerItemProxy */;
		};
		276F3C43300A8C8B0061026B /* PBXTargetDependency */ = {
			isa = PBXTargetDependency;
			target = 276F3B74300A86B50061026B /* SalesTrackerApp */;
			targetProxy = 276F3C42300A8C8B0061026B /* PBXContainerItemProxy */;
		};
		276F3C50300A8C950061026B /* PBXTargetDependency */ = {
			isa = PBXTargetDependency;
			target = 276F3B74300A86B50061026B /* SalesTrackerApp */;
			targetProxy = 276F3C4F300A8C950061026B /* PBXContainerItemProxy */;
		};
/* End PBXTargetDependency section */

/* Begin XCBuildConfiguration section */
		276F3B89300A86B60061026B /* Debug */ = {
			isa = XCBuildConfiguration;
			buildSettings = {
				ASSETCATALOG_COMPILER_APPICON_NAME = AppIcon;
				ASSETCATALOG_COMPILER_GLOBAL_ACCENT_COLOR_NAME = AccentColor;
				CODE_SIGN_ENTITLEMENTS = SalesTrackerApp/SalesTrackerApp.entitlements;
				CODE_SIGN_STYLE = Automatic;
				CURRENT_PROJECT_VERSION = 1;
				DEVELOPMENT_TEAM = 74M49B6F62;
				GENERATE_INFOPLIST_FILE = YES;
				INFOPLIST_FILE = SalesTrackerApp/Info.plist;
				INFOPLIST_KEY_UIApplicationSupportsIndirectInputEvents = YES;
				INFOPLIST_KEY_UILaunchStoryboardName = LaunchScreen;
				INFOPLIST_KEY_UISupportedInterfaceOrientations_iPad = "UIInterfaceOrientationPortrait UIInterfaceOrientationPortraitUpsideDown UIInterfaceOrientationLandscapeLeft UIInterfaceOrientationLandscapeRight";
				INFOPLIST_KEY_UISupportedInterfaceOrientations_iPhone = "UIInterfaceOrientationPortrait UIInterfaceOrientationLandscapeLeft UIInterfaceOrientationLandscapeRight";
				LD_RUNPATH_SEARCH_PATHS = (
					"$(inherited)",
					"@executable_path/Frameworks",
				);
				MARKETING_VERSION = 1.0;
				PRODUCT_BUNDLE_IDENTIFIER = com.mike.SalesTrackerApp;
				PRODUCT_NAME = "$(TARGET_NAME)";
				SWIFT_EMIT_LOC_STRINGS = YES;
				SWIFT_VERSION = 5.0;
				TARGETED_DEVICE_FAMILY = "1,2";
			};
			name = Debug;
		};
		276F3B8A300A86B60061026B /* Release */ = {
			isa = XCBuildConfiguration;
			buildSettings = {
				ASSETCATALOG_COMPILER_APPICON_NAME = AppIcon;
				ASSETCATALOG_COMPILER_GLOBAL_ACCENT_COLOR_NAME = AccentColor;
				CODE_SIGN_ENTITLEMENTS = SalesTrackerApp/SalesTrackerApp.entitlements;
				CODE_SIGN_STYLE = Automatic;
				CURRENT_PROJECT_VERSION = 1;
				DEVELOPMENT_TEAM = 74M49B6F62;
				GENERATE_INFOPLIST_FILE = YES;
				INFOPLIST_FILE = SalesTrackerApp/Info.plist;
				INFOPLIST_KEY_UIApplicationSupportsIndirectInputEvents = YES;
				INFOPLIST_KEY_UILaunchStoryboardName = LaunchScreen;
				INFOPLIST_KEY_UISupportedInterfaceOrientations_iPad = "UIInterfaceOrientationPortrait UIInterfaceOrientationPortraitUpsideDown UIInterfaceOrientationLandscapeLeft UIInterfaceOrientationLandscapeRight";
				INFOPLIST_KEY_UISupportedInterfaceOrientations_iPhone = "UIInterfaceOrientationPortrait UIInterfaceOrientationLandscapeLeft UIInterfaceOrientationLandscapeRight";
				LD_RUNPATH_SEARCH_PATHS = (
					"$(inherited)",
					"@executable_path/Frameworks",
				);
				MARKETING_VERSION = 1.0;
				PRODUCT_BUNDLE_IDENTIFIER = com.mike.SalesTrackerApp;
				PRODUCT_NAME = "$(TARGET_NAME)";
				SWIFT_EMIT_LOC_STRINGS = YES;
				SWIFT_VERSION = 5.0;
				TARGETED_DEVICE_FAMILY = "1,2";
			};
			name = Release;
		};
		276F3B8B300A86B60061026B /* Debug */ = {
			isa = XCBuildConfiguration;
			buildSettings = {
				ALWAYS_SEARCH_USER_PATHS = NO;
				ASSETCATALOG_COMPILER_GENERATE_SWIFT_ASSET_SYMBOL_EXTENSIONS = YES;
				CLANG_ANALYZER_NONNULL = YES;
				CLANG_ANALYZER_NUMBER_OBJECT_CONVERSION = YES_AGGRESSIVE;
				CLANG_CXX_LANGUAGE_STANDARD = "gnu++20";
				CLANG_ENABLE_MODULES = YES;
				CLANG_ENABLE_OBJC_ARC = YES;
				CLANG_ENABLE_OBJC_WEAK = YES;
				CLANG_WARN_BLOCK_CAPTURE_AUTORELEASING = YES;
				CLANG_WARN_BOOL_CONVERSION = YES;
				CLANG_WARN_COMMA = YES;
				CLANG_WARN_CONSTANT_CONVERSION = YES;
				CLANG_WARN_DEPRECATED_OBJC_IMPLEMENTATIONS = YES;
				CLANG_WARN_DIRECT_OBJC_ISA_USAGE = YES_ERROR;
				CLANG_WARN_DOCUMENTATION_COMMENTS = YES;
				CLANG_WARN_EMPTY_BODY = YES;
				CLANG_WARN_ENUM_CONVERSION = YES;
				CLANG_WARN_INFINITE_RECURSION = YES;
				CLANG_WARN_INT_CONVERSION = YES;
				CLANG_WARN_NON_LITERAL_NULL_CONVERSION = YES;
				CLANG_WARN_OBJC_IMPLICIT_RETAIN_SELF = YES;
				CLANG_WARN_OBJC_LITERAL_CONVERSION = YES;
				CLANG_WARN_OBJC_ROOT_CLASS = YES_ERROR;
				CLANG_WARN_QUOTED_INCLUDE_IN_FRAMEWORK_HEADER = YES;
				CLANG_WARN_RANGE_LOOP_ANALYSIS = YES;
				CLANG_WARN_STRICT_PROTOTYPES = YES;
				CLANG_WARN_SUSPICIOUS_MOVE = YES;
				CLANG_WARN_UNGUARDED_AVAILABILITY = YES_AGGRESSIVE;
				CLANG_WARN_UNREACHABLE_CODE = YES;
				CLANG_WARN__DUPLICATE_METHOD_MATCH = YES;
				COPY_PHASE_STRIP = NO;
				DEBUG_INFORMATION_FORMAT = dwarf;
				ENABLE_STRICT_OBJC_MSGSEND = YES;
				ENABLE_TESTABILITY = YES;
				ENABLE_USER_SCRIPT_SANDBOXING = YES;
				GCC_C_LANGUAGE_STANDARD = gnu17;
				GCC_DYNAMIC_NO_PIC = NO;
				GCC_NO_COMMON_BLOCKS = YES;
				GCC_OPTIMIZATION_LEVEL = 0;
				GCC_PREPROCESSOR_DEFINITIONS = (
					"DEBUG=1",
					"$(inherited)",
				);
				GCC_TREAT_WARNINGS_AS_ERRORS = YES;
				GCC_WARN_64_TO_32_BIT_CONVERSION = YES;
				GCC_WARN_ABOUT_RETURN_TYPE = YES_ERROR;
				GCC_WARN_UNDECLARED_SELECTOR = YES;
				GCC_WARN_UNINITIALIZED_AUTOS = YES_AGGRESSIVE;
				GCC_WARN_UNUSED_FUNCTION = YES;
				GCC_WARN_UNUSED_VARIABLE = YES;
				IPHONEOS_DEPLOYMENT_TARGET = 18.5;
				LOCALIZATION_PREFERS_STRING_CATALOGS = YES;
				MTL_ENABLE_DEBUG_INFO = INCLUDE_SOURCE;
				MTL_FAST_MATH = YES;
				ONLY_ACTIVE_ARCH = YES;
				SDKROOT = iphoneos;
				SWIFT_ACTIVE_COMPILATION_CONDITIONS = "DEBUG $(inherited)";
				SWIFT_OPTIMIZATION_LEVEL = "-Onone";
				SWIFT_TREAT_WARNINGS_AS_ERRORS = YES;
			};
			name = Debug;
		};
		276F3B8C300A86B60061026B /* Release */ = {
			isa = XCBuildConfiguration;
			buildSettings = {
				ALWAYS_SEARCH_USER_PATHS = NO;
				ASSETCATALOG_COMPILER_GENERATE_SWIFT_ASSET_SYMBOL_EXTENSIONS = YES;
				CLANG_ANALYZER_NONNULL = YES;
				CLANG_ANALYZER_NUMBER_OBJECT_CONVERSION = YES_AGGRESSIVE;
				CLANG_CXX_LANGUAGE_STANDARD = "gnu++20";
				CLANG_ENABLE_MODULES = YES;
				CLANG_ENABLE_OBJC_ARC = YES;
				CLANG_ENABLE_OBJC_WEAK = YES;
				CLANG_WARN_BLOCK_CAPTURE_AUTORELEASING = YES;
				CLANG_WARN_BOOL_CONVERSION = YES;
				CLANG_WARN_COMMA = YES;
				CLANG_WARN_CONSTANT_CONVERSION = YES;
				CLANG_WARN_DEPRECATED_OBJC_IMPLEMENTATIONS = YES;
				CLANG_WARN_DIRECT_OBJC_ISA_USAGE = YES_ERROR;
				CLANG_WARN_DOCUMENTATION_COMMENTS = YES;
				CLANG_WARN_EMPTY_BODY = YES;
				CLANG_WARN_ENUM_CONVERSION = YES;
				CLANG_WARN_INFINITE_RECURSION = YES;
				CLANG_WARN_INT_CONVERSION = YES;
				CLANG_WARN_NON_LITERAL_NULL_CONVERSION = YES;
				CLANG_WARN_OBJC_IMPLICIT_RETAIN_SELF = YES;
				CLANG_WARN_OBJC_LITERAL_CONVERSION = YES;
				CLANG_WARN_OBJC_ROOT_CLASS = YES_ERROR;
				CLANG_WARN_QUOTED_INCLUDE_IN_FRAMEWORK_HEADER = YES;
				CLANG_WARN_RANGE_LOOP_ANALYSIS = YES;
				CLANG_WARN_STRICT_PROTOTYPES = YES;
				CLANG_WARN_SUSPICIOUS_MOVE = YES;
				CLANG_WARN_UNGUARDED_AVAILABILITY = YES_AGGRESSIVE;
				CLANG_WARN_UNREACHABLE_CODE = YES;
				CLANG_WARN__DUPLICATE_METHOD_MATCH = YES;
				COPY_PHASE_STRIP = NO;
				DEBUG_INFORMATION_FORMAT = "dwarf-with-dsym";
				ENABLE_NS_ASSERTIONS = NO;
				ENABLE_STRICT_OBJC_MSGSEND = YES;
				ENABLE_USER_SCRIPT_SANDBOXING = YES;
				GCC_C_LANGUAGE_STANDARD = gnu17;
				GCC_NO_COMMON_BLOCKS = YES;
				GCC_TREAT_WARNINGS_AS_ERRORS = YES;
				GCC_WARN_64_TO_32_BIT_CONVERSION = YES;
				GCC_WARN_ABOUT_RETURN_TYPE = YES_ERROR;
				GCC_WARN_UNDECLARED_SELECTOR = YES;
				GCC_WARN_UNINITIALIZED_AUTOS = YES_AGGRESSIVE;
				GCC_WARN_UNUSED_FUNCTION = YES;
				GCC_WARN_UNUSED_VARIABLE = YES;
				IPHONEOS_DEPLOYMENT_TARGET = 18.5;
				LOCALIZATION_PREFERS_STRING_CATALOGS = YES;
				MTL_ENABLE_DEBUG_INFO = NO;
				MTL_FAST_MATH = YES;
				SDKROOT = iphoneos;
				SWIFT_COMPILATION_MODE = wholemodule;
				SWIFT_TREAT_WARNINGS_AS_ERRORS = YES;
				VALIDATE_PRODUCT = YES;
			};
			name = Release;
		};
		276F3B9B300A86CE0061026B /* Debug */ = {
			isa = XCBuildConfiguration;
			buildSettings = {
				ALLOW_TARGET_PLATFORM_SPECIALIZATION = YES;
				BUILD_LIBRARY_FOR_DISTRIBUTION = YES;
				CODE_SIGN_STYLE = Automatic;
				CURRENT_PROJECT_VERSION = 1;
				DYLIB_COMPATIBILITY_VERSION = 1;
				DYLIB_CURRENT_VERSION = 1;
				DYLIB_INSTALL_NAME_BASE = "@rpath";
				ENABLE_MODULE_VERIFIER = YES;
				GENERATE_INFOPLIST_FILE = YES;
				INFOPLIST_KEY_NSHumanReadableCopyright = "";
				INSTALL_PATH = "$(LOCAL_LIBRARY_DIR)/Frameworks";
				IPHONEOS_DEPLOYMENT_TARGET = 18.5;
				LD_RUNPATH_SEARCH_PATHS = (
					"@executable_path/Frameworks",
					"@loader_path/Frameworks",
				);
				"LD_RUNPATH_SEARCH_PATHS[sdk=macosx*]" = (
					"@executable_path/../Frameworks",
					"@loader_path/Frameworks",
				);
				MACOSX_DEPLOYMENT_TARGET = 15.5;
				MARKETING_VERSION = 1.0;
				MODULE_VERIFIER_SUPPORTED_LANGUAGES = "objective-c objective-c++";
				MODULE_VERIFIER_SUPPORTED_LANGUAGE_STANDARDS = "gnu17 gnu++20";
				PRODUCT_BUNDLE_IDENTIFIER = com.mike.SalesTracker;
				PRODUCT_NAME = "$(TARGET_NAME:c99extidentifier)";
				SDKROOT = auto;
				SKIP_INSTALL = YES;
				SUPPORTED_PLATFORMS = "iphoneos iphonesimulator macosx xros xrsimulator";
				SWIFT_EMIT_LOC_STRINGS = YES;
				SWIFT_INSTALL_MODULE = YES;
				SWIFT_INSTALL_OBJC_HEADER = NO;
				SWIFT_VERSION = 5.0;
				TARGETED_DEVICE_FAMILY = "1,2,7";
				VERSIONING_SYSTEM = "apple-generic";
				VERSION_INFO_PREFIX = "";
				XROS_DEPLOYMENT_TARGET = 2.5;
			};
			name = Debug;
		};
		276F3B9C300A86CE0061026B /* Release */ = {
			isa = XCBuildConfiguration;
			buildSettings = {
				ALLOW_TARGET_PLATFORM_SPECIALIZATION = YES;
				BUILD_LIBRARY_FOR_DISTRIBUTION = YES;
				CODE_SIGN_STYLE = Automatic;
				CURRENT_PROJECT_VERSION = 1;
				DYLIB_COMPATIBILITY_VERSION = 1;
				DYLIB_CURRENT_VERSION = 1;
				DYLIB_INSTALL_NAME_BASE = "@rpath";
				ENABLE_MODULE_VERIFIER = YES;
				GENERATE_INFOPLIST_FILE = YES;
				INFOPLIST_KEY_NSHumanReadableCopyright = "";
				INSTALL_PATH = "$(LOCAL_LIBRARY_DIR)/Frameworks";
				IPHONEOS_DEPLOYMENT_TARGET = 18.5;
				LD_RUNPATH_SEARCH_PATHS = (
					"@executable_path/Frameworks",
					"@loader_path/Frameworks",
				);
				"LD_RUNPATH_SEARCH_PATHS[sdk=macosx*]" = (
					"@executable_path/../Frameworks",
					"@loader_path/Frameworks",
				);
				MACOSX_DEPLOYMENT_TARGET = 15.5;
				MARKETING_VERSION = 1.0;
				MODULE_VERIFIER_SUPPORTED_LANGUAGES = "objective-c objective-c++";
				MODULE_VERIFIER_SUPPORTED_LANGUAGE_STANDARDS = "gnu17 gnu++20";
				PRODUCT_BUNDLE_IDENTIFIER = com.mike.SalesTracker;
				PRODUCT_NAME = "$(TARGET_NAME:c99extidentifier)";
				SDKROOT = auto;
				SKIP_INSTALL = YES;
				SUPPORTED_PLATFORMS = "iphoneos iphonesimulator macosx xros xrsimulator";
				SWIFT_EMIT_LOC_STRINGS = YES;
				SWIFT_INSTALL_MODULE = YES;
				SWIFT_INSTALL_OBJC_HEADER = NO;
				SWIFT_VERSION = 5.0;
				TARGETED_DEVICE_FAMILY = "1,2,7";
				VERSIONING_SYSTEM = "apple-generic";
				VERSION_INFO_PREFIX = "";
				XROS_DEPLOYMENT_TARGET = 2.5;
			};
			name = Release;
		};
		276F3C38300A8C790061026B /* Debug */ = {
			isa = XCBuildConfiguration;
			buildSettings = {
				CLANG_ENABLE_MODULES = YES;
				CODE_SIGN_STYLE = Automatic;
				CURRENT_PROJECT_VERSION = 1;
				GENERATE_INFOPLIST_FILE = YES;
				MARKETING_VERSION = 1.0;
				PRODUCT_BUNDLE_IDENTIFIER = com.mike.SalesTrackerTests;
				PRODUCT_NAME = "$(TARGET_NAME)";
				SWIFT_EMIT_LOC_STRINGS = NO;
				SWIFT_OPTIMIZATION_LEVEL = "-Onone";
				SWIFT_VERSION = 5.0;
				TARGETED_DEVICE_FAMILY = "1,2";
			};
			name = Debug;
		};
		276F3C39300A8C790061026B /* Release */ = {
			isa = XCBuildConfiguration;
			buildSettings = {
				CLANG_ENABLE_MODULES = YES;
				CODE_SIGN_STYLE = Automatic;
				CURRENT_PROJECT_VERSION = 1;
				GENERATE_INFOPLIST_FILE = YES;
				MARKETING_VERSION = 1.0;
				PRODUCT_BUNDLE_IDENTIFIER = com.mike.SalesTrackerTests;
				PRODUCT_NAME = "$(TARGET_NAME)";
				SWIFT_EMIT_LOC_STRINGS = NO;
				SWIFT_VERSION = 5.0;
				TARGETED_DEVICE_FAMILY = "1,2";
			};
			name = Release;
		};
		276F3C45300A8C8B0061026B /* Debug */ = {
			isa = XCBuildConfiguration;
			buildSettings = {
				BUNDLE_LOADER = "$(TEST_HOST)";
				CLANG_ENABLE_MODULES = YES;
				CODE_SIGN_STYLE = Automatic;
				CURRENT_PROJECT_VERSION = 1;
				GENERATE_INFOPLIST_FILE = YES;
				MARKETING_VERSION = 1.0;
				PRODUCT_BUNDLE_IDENTIFIER = com.mike.SalesTrackerAppTests;
				PRODUCT_NAME = "$(TARGET_NAME)";
				SWIFT_EMIT_LOC_STRINGS = NO;
				SWIFT_OPTIMIZATION_LEVEL = "-Onone";
				SWIFT_VERSION = 5.0;
				TARGETED_DEVICE_FAMILY = "1,2";
				TEST_HOST = "$(BUILT_PRODUCTS_DIR)/SalesTrackerApp.app/$(BUNDLE_EXECUTABLE_FOLDER_PATH)/SalesTrackerApp";
			};
			name = Debug;
		};
		276F3C46300A8C8B0061026B /* Release */ = {
			isa = XCBuildConfiguration;
			buildSettings = {
				BUNDLE_LOADER = "$(TEST_HOST)";
				CLANG_ENABLE_MODULES = YES;
				CODE_SIGN_STYLE = Automatic;
				CURRENT_PROJECT_VERSION = 1;
				GENERATE_INFOPLIST_FILE = YES;
				MARKETING_VERSION = 1.0;
				PRODUCT_BUNDLE_IDENTIFIER = com.mike.SalesTrackerAppTests;
				PRODUCT_NAME = "$(TARGET_NAME)";
				SWIFT_EMIT_LOC_STRINGS = NO;
				SWIFT_VERSION = 5.0;
				TARGETED_DEVICE_FAMILY = "1,2";
				TEST_HOST = "$(BUILT_PRODUCTS_DIR)/SalesTrackerApp.app/$(BUNDLE_EXECUTABLE_FOLDER_PATH)/SalesTrackerApp";
			};
			name = Release;
		};
		276F3C52300A8C950061026B /* Debug */ = {
			isa = XCBuildConfiguration;
			buildSettings = {
				BUNDLE_LOADER = "$(TEST_HOST)";
				CLANG_ENABLE_MODULES = YES;
				CODE_SIGN_STYLE = Automatic;
				CURRENT_PROJECT_VERSION = 1;
				GENERATE_INFOPLIST_FILE = YES;
				MARKETING_VERSION = 1.0;
				PRODUCT_BUNDLE_IDENTIFIER = com.mike.SalesTrackeriOSTests;
				PRODUCT_NAME = "$(TARGET_NAME)";
				SWIFT_EMIT_LOC_STRINGS = NO;
				SWIFT_OPTIMIZATION_LEVEL = "-Onone";
				SWIFT_VERSION = 5.0;
				TARGETED_DEVICE_FAMILY = "1,2";
				TEST_HOST = "$(BUILT_PRODUCTS_DIR)/SalesTrackerApp.app/$(BUNDLE_EXECUTABLE_FOLDER_PATH)/SalesTrackerApp";
			};
			name = Debug;
		};
		276F3C53300A8C950061026B /* Release */ = {
			isa = XCBuildConfiguration;
			buildSettings = {
				BUNDLE_LOADER = "$(TEST_HOST)";
				CLANG_ENABLE_MODULES = YES;
				CODE_SIGN_STYLE = Automatic;
				CURRENT_PROJECT_VERSION = 1;
				GENERATE_INFOPLIST_FILE = YES;
				MARKETING_VERSION = 1.0;
				PRODUCT_BUNDLE_IDENTIFIER = com.mike.SalesTrackeriOSTests;
				PRODUCT_NAME = "$(TARGET_NAME)";
				SWIFT_EMIT_LOC_STRINGS = NO;
				SWIFT_VERSION = 5.0;
				TARGETED_DEVICE_FAMILY = "1,2";
				TEST_HOST = "$(BUILT_PRODUCTS_DIR)/SalesTrackerApp.app/$(BUNDLE_EXECUTABLE_FOLDER_PATH)/SalesTrackerApp";
			};
			name = Release;
		};
/* End XCBuildConfiguration section */

/* Begin XCConfigurationList section */
		276F3B70300A86B50061026B /* Build configuration list for PBXProject "SalesTrackerApp" */ = {
			isa = XCConfigurationList;
			buildConfigurations = (
				276F3B8B300A86B60061026B /* Debug */,
				276F3B8C300A86B60061026B /* Release */,
			);
			defaultConfigurationIsVisible = 0;
			defaultConfigurationName = Release;
		};
		276F3B88300A86B60061026B /* Build configuration list for PBXNativeTarget "SalesTrackerApp" */ = {
			isa = XCConfigurationList;
			buildConfigurations = (
				276F3B89300A86B60061026B /* Debug */,
				276F3B8A300A86B60061026B /* Release */,
			);
			defaultConfigurationIsVisible = 0;
			defaultConfigurationName = Release;
		};
		276F3B9A300A86CE0061026B /* Build configuration list for PBXNativeTarget "SalesTracker" */ = {
			isa = XCConfigurationList;
			buildConfigurations = (
				276F3B9B300A86CE0061026B /* Debug */,
				276F3B9C300A86CE0061026B /* Release */,
			);
			defaultConfigurationIsVisible = 0;
			defaultConfigurationName = Release;
		};
		276F3C37300A8C790061026B /* Build configuration list for PBXNativeTarget "SalesTrackerTests" */ = {
			isa = XCConfigurationList;
			buildConfigurations = (
				276F3C38300A8C790061026B /* Debug */,
				276F3C39300A8C790061026B /* Release */,
			);
			defaultConfigurationIsVisible = 0;
			defaultConfigurationName = Release;
		};
		276F3C44300A8C8B0061026B /* Build configuration list for PBXNativeTarget "SalesTrackerAppTests" */ = {
			isa = XCConfigurationList;
			buildConfigurations = (
				276F3C45300A8C8B0061026B /* Debug */,
				276F3C46300A8C8B0061026B /* Release */,
			);
			defaultConfigurationIsVisible = 0;
			defaultConfigurationName = Release;
		};
		276F3C51300A8C950061026B /* Build configuration list for PBXNativeTarget "SalesTrackeriOSTests" */ = {
			isa = XCConfigurationList;
			buildConfigurations = (
				276F3C52300A8C950061026B /* Debug */,
				276F3C53300A8C950061026B /* Release */,
			);
			defaultConfigurationIsVisible = 0;
			defaultConfigurationName = Release;
		};
/* End XCConfigurationList section */
	};
	rootObject = 276F3B6D300A86B50061026B /* Project object */;
}
